
Microsoft Visual Studio Solution File, Format Version 12.00
# Visual Studio 14
VisualStudioVersion = 14.0.25420.1
MinimumVisualStudioVersion = 10.0.40219.1
Project("{FAE04EC0-301F-11D3-BF4B-00C04F79EFBC}") = "Demo", "Demo\Demo.csproj", "{99F06745-743B-4B54-AFC8-30CC295B717B}"
EndProject
Project("{FAE04EC0-301F-11D3-BF4B-00C04F79EFBC}") = "ReoGrid", "ReoGrid\ReoGrid.csproj", "{8B62357A-ABBC-4DB0-8633-F1D6A6C1EA53}"
EndProject
Project("{FAE04EC0-301F-11D3-BF4B-00C04F79EFBC}") = "Editor", "Editor\Editor.csproj", "{EE03A6AF-2937-4893-80F4-DD71F099A76C}"
EndProject
Project("{2150E333-8FDC-42A3-9474-1A3956D46DE8}") = "Solution Items", "Solution Items", "{D0F553D0-23DB-499A-89AF-6264A717D1BC}"
	ProjectSection(SolutionItems) = preProject
		LICENSE = LICENSE
		README.md = README.md
	EndProjectSection
EndProject
Global
	GlobalSection(SolutionConfigurationPlatforms) = preSolution
		Debug|Any CPU = Debug|Any CPU
		Release|Any CPU = Release|Any CPU
	EndGlobalSection
	GlobalSection(ProjectConfigurationPlatforms) = postSolution
		{99F06745-743B-4B54-AFC8-30CC295B717B}.Debug|Any CPU.ActiveCfg = Debug|Any CPU
		{99F06745-743B-4B54-AFC8-30CC295B717B}.Debug|Any CPU.Build.0 = Debug|Any CPU
		{99F06745-743B-4B54-AFC8-30CC295B717B}.Release|Any CPU.ActiveCfg = Release|Any CPU
		{99F06745-743B-4B54-AFC8-30CC295B717B}.Release|Any CPU.Build.0 = Release|Any CPU
		{8B62357A-ABBC-4DB0-8633-F1D6A6C1EA53}.Debug|Any CPU.ActiveCfg = Debug|Any CPU
		{8B62357A-ABBC-4DB0-8633-F1D6A6C1EA53}.Debug|Any CPU.Build.0 = Debug|Any CPU
		{8B62357A-ABBC-4DB0-8633-F1D6A6C1EA53}.Release|Any CPU.ActiveCfg = Extension|Any CPU
		{8B62357A-ABBC-4DB0-8633-F1D6A6C1EA53}.Release|Any CPU.Build.0 = Extension|Any CPU
		{EE03A6AF-2937-4893-80F4-DD71F099A76C}.Debug|Any CPU.ActiveCfg = Debug|Any CPU
		{EE03A6AF-2937-4893-80F4-DD71F099A76C}.Debug|Any CPU.Build.0 = Debug|Any CPU
		{EE03A6AF-2937-4893-80F4-DD71F099A76C}.Release|Any CPU.ActiveCfg = Extension|Any CPU
		{EE03A6AF-2937-4893-80F4-DD71F099A76C}.Release|Any CPU.Build.0 = Extension|Any CPU
	EndGlobalSection
	GlobalSection(SolutionProperties) = preSolution
		HideSolutionNode = FALSE
	EndGlobalSection
EndGlobal
